{
  "name": "forgent",
  "version": "1.0.0",
  "lockfileVersion": 3,
  "requires": true,
  "packages": {
    "": {
      "name": "forgent",
      "version": "1.0.0",
      "license": "MIT",
      "bin": {
        "forgent": "bin/forgent.js"
      },
      "engines": {
        "node": ">=18"
      }
    }
  }
}
